// !$*UTF8*$!
{
	archiveVersion = 1;
	classes = {
	};
	objectVersion = 56;
	objects = {

/* Begin PBXBuildFile section */
		E38B667E2C2D9F6D00224FDA /* ColorTheme.swift in Sources */ = {isa = PBXBuildFile; fileRef = E38B667D2C2D9F6D00224FDA /* ColorTheme.swift */; };
		E38B66802C2DA43700224FDA /* MissionDetailsView.swift in Sources */ = {isa = PBXBuildFile; fileRef = E38B667F2C2DA43700224FDA /* MissionDetailsView.swift */; };
		E38B66822C2DB2D700224FDA /* AstronautDetailsSheetView.swift in Sources */ = {isa = PBXBuildFile; fileRef = E38B66812C2DB2D700224FDA /* AstronautDetailsSheetView.swift */; };
		E3D7941B2C2D797100C2F940 /* MooshotApp.swift in Sources */ = {isa = PBXBuildFile; fileRef = E3D7941A2C2D797100C2F940 /* MooshotApp.swift */; };
		E3D7941D2C2D797100C2F940 /* ContentView.swift in Sources */ = {isa = PBXBuildFile; fileRef = E3D7941C2C2D797100C2F940 /* ContentView.swift */; };
		E3D7941F2C2D797300C2F940 /* Assets.xcassets in Resources */ = {isa = PBXBuildFile; fileRef = E3D7941E2C2D797300C2F940 /* Assets.xcassets */; };
		E3D794222C2D797300C2F940 /* Preview Assets.xcassets in Resources */ = {isa = PBXBuildFile; fileRef = E3D794212C2D797300C2F940 /* Preview Assets.xcassets */; };
		E3D7942C2C2D871600C2F940 /* astronauts.json in Resources */ = {isa = PBXBuildFile; fileRef = E3D7942A2C2D871600C2F940 /* astronauts.json */; };
		E3D7942D2C2D871600C2F940 /* missions.json in Resources */ = {isa = PBXBuildFile; fileRef = E3D7942B2C2D871600C2F940 /* missions.json */; };
		E3D7942F2C2D87D400C2F940 /* Astronaut.swift in Sources */ = {isa = PBXBuildFile; fileRef = E3D7942E2C2D87D400C2F940 /* Astronaut.swift */; };
		E3D794312C2D884200C2F940 /* BundleDecoder.swift in Sources */ = {isa = PBXBuildFile; fileRef = E3D794302C2D884200C2F940 /* BundleDecoder.swift */; };
		E3D794332C2D941500C2F940 /* Mission.swift in Sources */ = {isa = PBXBuildFile; fileRef = E3D794322C2D941400C2F940 /* Mission.swift */; };
/* End PBXBuildFile section */

/* Begin PBXFileReference section */
		E38B667D2C2D9F6D00224FDA /* ColorTheme.swift */ = {isa = PBXFileReference; lastKnownFileType = sourcecode.swift; path = ColorTheme.swift; sourceTree = "<group>"; };
		E38B667F2C2DA43700224FDA /* MissionDetailsView.swift */ = {isa = PBXFileReference; lastKnownFileType = sourcecode.swift; path = MissionDetailsView.swift; sourceTree = "<group>"; };
		E38B66812C2DB2D700224FDA /* AstronautDetailsSheetView.swift */ = {isa = PBXFileReference; lastKnownFileType = sourcecode.swift; path = AstronautDetailsSheetView.swift; sourceTree = "<group>"; };
		E3D794172C2D797100C2F940 /* Mooshot.app */ = {isa = PBXFileReference; explicitFileType = wrapper.application; includeInIndex = 0; path = Mooshot.app; sourceTree = BUILT_PRODUCTS_DIR; };
		E3D7941A2C2D797100C2F940 /* MooshotApp.swift */ = {isa = PBXFileReference; lastKnownFileType = sourcecode.swift; path = MooshotApp.swift; sourceTree = "<group>"; };
		E3D7941C2C2D797100C2F940 /* ContentView.swift */ = {isa = PBXFileReference; lastKnownFileType = sourcecode.swift; path = ContentView.swift; sourceTree = "<group>"; };
		E3D7941E2C2D797300C2F940 /* Assets.xcassets */ = {isa = PBXFileReference; lastKnownFileType = folder.assetcatalog; path = Assets.xcassets; sourceTree = "<group>"; };
		E3D794212C2D797300C2F940 /* Preview Assets.xcassets */ = {isa = PBXFileReference; lastKnownFileType = folder.assetcatalog; path = "Preview Assets.xcassets"; sourceTree = "<group>"; };
		E3D7942A2C2D871600C2F940 /* astronauts.json */ = {isa = PBXFileReference; fileEncoding = 4; lastKnownFileType = text.json; path = astronauts.json; sourceTree = "<group>"; };
		E3D7942B2C2D871600C2F940 /* missions.json */ = {isa = PBXFileReference; fileEncoding = 4; lastKnownFileType = text.json; path = missions.json; sourceTree = "<group>"; };
		E3D7942E2C2D87D400C2F940 /* Astronaut.swift */ = {isa = PBXFileReference; lastKnownFileType = sourcecode.swift; path = Astronaut.swift; sourceTree = "<group>"; };
		E3D794302C2D884200C2F940 /* BundleDecoder.swift */ = {isa = PBXFileReference; lastKnownFileType = sourcecode.swift; path = BundleDecoder.swift; sourceTree = "<group>"; };
		E3D794322C2D941400C2F940 /* Mission.swift */ = {isa = PBXFileReference; lastKnownFileType = sourcecode.swift; path = Mission.swift; sourceTree = "<group>"; };
/* End PBXFileReference section */

/* Begin PBXFrameworksBuildPhase section */
		E3D794142C2D797100C2F940 /* Frameworks */ = {
			isa = PBXFrameworksBuildPhase;
			buildActionMask = 2147483647;
			files = (
			);
			runOnlyForDeploymentPostprocessing = 0;
		};
/* End PBXFrameworksBuildPhase section */

/* Begin PBXGroup section */
		E3D7940E2C2D797100C2F940 = {
			isa = PBXGroup;
			children = (
				E3D794192C2D797100C2F940 /* Mooshot */,
				E3D794182C2D797100C2F940 /* Products */,
			);
			sourceTree = "<group>";
		};
		E3D794182C2D797100C2F940 /* Products */ = {
			isa = PBXGroup;
			children = (
				E3D794172C2D797100C2F940 /* Mooshot.app */,
			);
			name = Products;
			sourceTree = "<group>";
		};
		E3D794192C2D797100C2F940 /* Mooshot */ = {
			isa = PBXGroup;
			children = (
				E3D7941A2C2D797100C2F940 /* MooshotApp.swift */,
				E3D7941C2C2D797100C2F940 /* ContentView.swift */,
				E38B667F2C2DA43700224FDA /* MissionDetailsView.swift */,
				E38B667D2C2D9F6D00224FDA /* ColorTheme.swift */,
				E3D7941E2C2D797300C2F940 /* Assets.xcassets */,
				E3D7942A2C2D871600C2F940 /* astronauts.json */,
				E3D7942B2C2D871600C2F940 /* missions.json */,
				E3D794202C2D797300C2F940 /* Preview Content */,
				E3D7942E2C2D87D400C2F940 /* Astronaut.swift */,
				E3D794302C2D884200C2F940 /* BundleDecoder.swift */,
				E3D794322C2D941400C2F940 /* Mission.swift */,
				E38B66812C2DB2D700224FDA /* AstronautDetailsSheetView.swift */,
			);
			path = Mooshot;
			sourceTree = "<group>";
		};
		E3D794202C2D797300C2F940 /* Preview Content */ = {
			isa = PBXGroup;
			children = (
				E3D794212C2D797300C2F940 /* Preview Assets.xcassets */,
			);
			path = "Preview Content";
			sourceTree = "<group>";
		};
/* End PBXGroup section */

/* Begin PBXNativeTarget section */
		E3D794162C2D797100C2F940 /* Mooshot */ = {
			isa = PBXNativeTarget;
			buildConfigurationList = E3D794252C2D797300C2F940 /* Build configuration list for PBXNativeTarget "Mooshot" */;
			buildPhases = (
				E3D794132C2D797100C2F940 /* Sources */,
				E3D794142C2D797100C2F940 /* Frameworks */,
				E3D794152C2D797100C2F940 /* Resources */,
			);
			buildRules = (
			);
			dependencies = (
			);
			name = Mooshot;
			productName = Mooshot;
			productReference = E3D794172C2D797100C2F940 /* Mooshot.app */;
			productType = "com.apple.product-type.application";
		};
/* End PBXNativeTarget section */

/* Begin PBXProject section */
		E3D7940F2C2D797100C2F940 /* Project object */ = {
			isa = PBXProject;
			attributes = {
				BuildIndependentTargetsInParallel = 1;
				LastSwiftUpdateCheck = 1540;
				LastUpgradeCheck = 1540;
				TargetAttributes = {
					E3D794162C2D797100C2F940 = {
						CreatedOnToolsVersion = 15.4;
					};
				};
			};
			buildConfigurationList = E3D794122C2D797100C2F940 /* Build configuration list for PBXProject "Mooshot" */;
			compatibilityVersion = "Xcode 14.0";
			developmentRegion = en;
			hasScannedForEncodings = 0;
			knownRegions = (
				en,
				Base,
			);
			mainGroup = E3D7940E2C2D797100C2F940;
			productRefGroup = E3D794182C2D797100C2F940 /* Products */;
			projectDirPath = "";
			projectRoot = "";
			targets = (
				E3D794162C2D797100C2F940 /* Mooshot */,
			);
		};
/* End PBXProject section */

/* Begin PBXResourcesBuildPhase section */
		E3D794152C2D797100C2F940 /* Resources */ = {
			isa = PBXResourcesBuildPhase;
			buildActionMask = 2147483647;
			files = (
				E3D7942D2C2D871600C2F940 /* missions.json in Resources */,
				E3D794222C2D797300C2F940 /* Preview Assets.xcassets in Resources */,
				E3D7941F2C2D797300C2F940 /* Assets.xcassets in Resources */,
				E3D7942C2C2D871600C2F940 /* astronauts.json in Resources */,
			);
			runOnlyForDeploymentPostprocessing = 0;
		};
/* End PBXResourcesBuildPhase section */

/* Begin PBXSourcesBuildPhase section */
		E3D794132C2D797100C2F940 /* Sources */ = {
			isa = PBXSourcesBuildPhase;
			buildActionMask = 2147483647;
			files = (
				E3D7942F2C2D87D400C2F940 /* Astronaut.swift in Sources */,
				E3D7941D2C2D797100C2F940 /* ContentView.swift in Sources */,
				E3D794312C2D884200C2F940 /* BundleDecoder.swift in Sources */,
				E38B667E2C2D9F6D00224FDA /* ColorTheme.swift in Sources */,
				E38B66802C2DA43700224FDA /* MissionDetailsView.swift in Sources */,
				E38B66822C2DB2D700224FDA /* AstronautDetailsSheetView.swift in Sources */,
				E3D794332C2D941500C2F940 /* Mission.swift in Sources */,
				E3D7941B2C2D797100C2F940 /* MooshotApp.swift in Sources */,
			);
			runOnlyForDeploymentPostprocessing = 0;
		};
/* End PBXSourcesBuildPhase section */

/* Begin XCBuildConfiguration section */
		E3D794232C2D797300C2F940 /* Debug */ = {
			isa = XCBuildConfiguration;
			buildSettings = {
				ALWAYS_SEARCH_USER_PATHS = NO;
				ASSETCATALOG_COMPILER_GENERATE_SWIFT_ASSET_SYMBOL_EXTENSIONS = YES;
				CLANG_ANALYZER_NONNULL = YES;
				CLANG_ANALYZER_NUMBER_OBJECT_CONVERSION = YES_AGGRESSIVE;
				CLANG_CXX_LANGUAGE_STANDARD = "gnu++20";
				CLANG_ENABLE_MODULES = YES;
				CLANG_ENABLE_OBJC_ARC = YES;
				CLANG_ENABLE_OBJC_WEAK = YES;
				CLANG_WARN_BLOCK_CAPTURE_AUTORELEASING = YES;
				CLANG_WARN_BOOL_CONVERSION = YES;
				CLANG_WARN_COMMA = YES;
				CLANG_WARN_CONSTANT_CONVERSION = YES;
				CLANG_WARN_DEPRECATED_OBJC_IMPLEMENTATIONS = YES;
				CLANG_WARN_DIRECT_OBJC_ISA_USAGE = YES_ERROR;
				CLANG_WARN_DOCUMENTATION_COMMENTS = YES;
				CLANG_WARN_EMPTY_BODY = YES;
				CLANG_WARN_ENUM_CONVERSION = YES;
				CLANG_WARN_INFINITE_RECURSION = YES;
				CLANG_WARN_INT_CONVERSION = YES;
				CLANG_WARN_NON_LITERAL_NULL_CONVERSION = YES;
				CLANG_WARN_OBJC_IMPLICIT_RETAIN_SELF = YES;
				CLANG_WARN_OBJC_LITERAL_CONVERSION = YES;
				CLANG_WARN_OBJC_ROOT_CLASS = YES_ERROR;
				CLANG_WARN_QUOTED_INCLUDE_IN_FRAMEWORK_HEADER = YES;
				CLANG_WARN_RANGE_LOOP_ANALYSIS = YES;
				CLANG_WARN_STRICT_PROTOTYPES = YES;
				CLANG_WARN_SUSPICIOUS_MOVE = YES;
				CLANG_WARN_UNGUARDED_AVAILABILITY = YES_AGGRESSIVE;
				CLANG_WARN_UNREACHABLE_CODE = YES;
				CLANG_WARN__DUPLICATE_METHOD_MATCH = YES;
				COPY_PHASE_STRIP = NO;
				DEBUG_INFORMATION_FORMAT = dwarf;
				ENABLE_STRICT_OBJC_MSGSEND = YES;
				ENABLE_TESTABILITY = YES;
				ENABLE_USER_SCRIPT_SANDBOXING = YES;
				GCC_C_LANGUAGE_STANDARD = gnu17;
				GCC_DYNAMIC_NO_PIC = NO;
				GCC_NO_COMMON_BLOCKS = YES;
				GCC_OPTIMIZATION_LEVEL = 0;
				GCC_PREPROCESSOR_DEFINITIONS = (
					"DEBUG=1",
					"$(inherited)",
				);
				GCC_WARN_64_TO_32_BIT_CONVERSION = YES;
				GCC_WARN_ABOUT_RETURN_TYPE = YES_ERROR;
				GCC_WARN_UNDECLARED_SELECTOR = YES;
				GCC_WARN_UNINITIALIZED_AUTOS = YES_AGGRESSIVE;
				GCC_WARN_UNUSED_FUNCTION = YES;
				GCC_WARN_UNUSED_VARIABLE = YES;
				IPHONEOS_DEPLOYMENT_TARGET = 17.5;
				LOCALIZATION_PREFERS_STRING_CATALOGS = YES;
				MTL_ENABLE_DEBUG_INFO = INCLUDE_SOURCE;
				MTL_FAST_MATH = YES;
				ONLY_ACTIVE_ARCH = YES;
				SDKROOT = iphoneos;
				SWIFT_ACTIVE_COMPILATION_CONDITIONS = "DEBUG $(inherited)";
				SWIFT_OPTIMIZATION_LEVEL = "-Onone";
			};
			name = Debug;
		};
		E3D794242C2D797300C2F940 /* Release */ = {
			isa = XCBuildConfiguration;
			buildSettings = {
				ALWAYS_SEARCH_USER_PATHS = NO;
				ASSETCATALOG_COMPILER_GENERATE_SWIFT_ASSET_SYMBOL_EXTENSIONS = YES;
				CLANG_ANALYZER_NONNULL = YES;
				CLANG_ANALYZER_NUMBER_OBJECT_CONVERSION = YES_AGGRESSIVE;
				CLANG_CXX_LANGUAGE_STANDARD = "gnu++20";
				CLANG_ENABLE_MODULES = YES;
				CLANG_ENABLE_OBJC_ARC = YES;
				CLANG_ENABLE_OBJC_WEAK = YES;
				CLANG_WARN_BLOCK_CAPTURE_AUTORELEASING = YES;
				CLANG_WARN_BOOL_CONVERSION = YES;
				CLANG_WARN_COMMA = YES;
				CLANG_WARN_CONSTANT_CONVERSION = YES;
				CLANG_WARN_DEPRECATED_OBJC_IMPLEMENTATIONS = YES;
				CLANG_WARN_DIRECT_OBJC_ISA_USAGE = YES_ERROR;
				CLANG_WARN_DOCUMENTATION_COMMENTS = YES;
				CLANG_WARN_EMPTY_BODY = YES;
				CLANG_WARN_ENUM_CONVERSION = YES;
				CLANG_WARN_INFINITE_RECURSION = YES;
				CLANG_WARN_INT_CONVERSION = YES;
				CLANG_WARN_NON_LITERAL_NULL_CONVERSION = YES;
				CLANG_WARN_OBJC_IMPLICIT_RETAIN_SELF = YES;
				CLANG_WARN_OBJC_LITERAL_CONVERSION = YES;
				CLANG_WARN_OBJC_ROOT_CLASS = YES_ERROR;
				CLANG_WARN_QUOTED_INCLUDE_IN_FRAMEWORK_HEADER = YES;
				CLANG_WARN_RANGE_LOOP_ANALYSIS = YES;
				CLANG_WARN_STRICT_PROTOTYPES = YES;
				CLANG_WARN_SUSPICIOUS_MOVE = YES;
				CLANG_WARN_UNGUARDED_AVAILABILITY = YES_AGGRESSIVE;
				CLANG_WARN_UNREACHABLE_CODE = YES;
				CLANG_WARN__DUPLICATE_METHOD_MATCH = YES;
				COPY_PHASE_STRIP = NO;
				DEBUG_INFORMATION_FORMAT = "dwarf-with-dsym";
				ENABLE_NS_ASSERTIONS = NO;
				ENABLE_STRICT_OBJC_MSGSEND = YES;
				ENABLE_USER_SCRIPT_SANDBOXING = YES;
				GCC_C_LANGUAGE_STANDARD = gnu17;
				GCC_NO_COMMON_BLOCKS = YES;
				GCC_WARN_64_TO_32_BIT_CONVERSION = YES;
				GCC_WARN_ABOUT_RETURN_TYPE = YES_ERROR;
				GCC_WARN_UNDECLARED_SELECTOR = YES;
				GCC_WARN_UNINITIALIZED_AUTOS = YES_AGGRESSIVE;
				GCC_WARN_UNUSED_FUNCTION = YES;
				GCC_WARN_UNUSED_VARIABLE = YES;
				IPHONEOS_DEPLOYMENT_TARGET = 17.5;
				LOCALIZATION_PREFERS_STRING_CATALOGS = YES;
				MTL_ENABLE_DEBUG_INFO = NO;
				MTL_FAST_MATH = YES;
				SDKROOT = iphoneos;
				SWIFT_COMPILATION_MODE = wholemodule;
				VALIDATE_PRODUCT = YES;
			};
			name = Release;
		};
		E3D794262C2D797300C2F940 /* Debug */ = {
			isa = XCBuildConfiguration;
			buildSettings = {
				ASSETCATALOG_COMPILER_APPICON_NAME = AppIcon;
				ASSETCATALOG_COMPILER_GLOBAL_ACCENT_COLOR_NAME = AccentColor;
				CODE_SIGN_STYLE = Automatic;
				CURRENT_PROJECT_VERSION = 1;
				DEVELOPMENT_ASSET_PATHS = "\"Mooshot/Preview Content\"";
				ENABLE_PREVIEWS = YES;
				GENERATE_INFOPLIST_FILE = YES;
				INFOPLIST_KEY_UIApplicationSceneManifest_Generation = YES;
				INFOPLIST_KEY_UIApplicationSupportsIndirectInputEvents = YES;
				INFOPLIST_KEY_UILaunchScreen_Generation = YES;
				INFOPLIST_KEY_UISupportedInterfaceOrientations_iPad = "UIInterfaceOrientationPortrait UIInterfaceOrientationPortraitUpsideDown UIInterfaceOrientationLandscapeLeft UIInterfaceOrientationLandscapeRight";
				INFOPLIST_KEY_UISupportedInterfaceOrientations_iPhone = "UIInterfaceOrientationPortrait UIInterfaceOrientationLandscapeLeft UIInterfaceOrientationLandscapeRight";
				LD_RUNPATH_SEARCH_PATHS = (
					"$(inherited)",
					"@executable_path/Frameworks",
				);
				MARKETING_VERSION = 1.0;
				PRODUCT_BUNDLE_IDENTIFIER = pvsb.Mooshot;
				PRODUCT_NAME = "$(TARGET_NAME)";
				SWIFT_EMIT_LOC_STRINGS = YES;
				SWIFT_VERSION = 5.0;
				TARGETED_DEVICE_FAMILY = "1,2";
			};
			name = Debug;
		};
		E3D794272C2D797300C2F940 /* Release */ = {
			isa = XCBuildConfiguration;
			buildSettings = {
				ASSETCATALOG_COMPILER_APPICON_NAME = AppIcon;
				ASSETCATALOG_COMPILER_GLOBAL_ACCENT_COLOR_NAME = AccentColor;
				CODE_SIGN_STYLE = Automatic;
				CURRENT_PROJECT_VERSION = 1;
				DEVELOPMENT_ASSET_PATHS = "\"Mooshot/Preview Content\"";
				ENABLE_PREVIEWS = YES;
				GENERATE_INFOPLIST_FILE = YES;
				INFOPLIST_KEY_UIApplicationSceneManifest_Generation = YES;
				INFOPLIST_KEY_UIApplicationSupportsIndirectInputEvents = YES;
				INFOPLIST_KEY_UILaunchScreen_Generation = YES;
				INFOPLIST_KEY_UISupportedInterfaceOrientations_iPad = "UIInterfaceOrientationPortrait UIInterfaceOrientationPortraitUpsideDown UIInterfaceOrientationLandscapeLeft UIInterfaceOrientationLandscapeRight";
				INFOPLIST_KEY_UISupportedInterfaceOrientations_iPhone = "UIInterfaceOrientationPortrait UIInterfaceOrientationLandscapeLeft UIInterfaceOrientationLandscapeRight";
				LD_RUNPATH_SEARCH_PATHS = (
					"$(inherited)",
					"@executable_path/Frameworks",
				);
				MARKETING_VERSION = 1.0;
				PRODUCT_BUNDLE_IDENTIFIER = pvsb.Mooshot;
				PRODUCT_NAME = "$(TARGET_NAME)";
				SWIFT_EMIT_LOC_STRINGS = YES;
				SWIFT_VERSION = 5.0;
				TARGETED_DEVICE_FAMILY = "1,2";
			};
			name = Release;
		};
/* End XCBuildConfiguration section */

/* Begin XCConfigurationList section */
		E3D794122C2D797100C2F940 /* Build configuration list for PBXProject "Mooshot" */ = {
			isa = XCConfigurationList;
			buildConfigurations = (
				E3D794232C2D797300C2F940 /* Debug */,
				E3D794242C2D797300C2F940 /* Release */,
			);
			defaultConfigurationIsVisible = 0;
			defaultConfigurationName = Release;
		};
		E3D794252C2D797300C2F940 /* Build configuration list for PBXNativeTarget "Mooshot" */ = {
			isa = XCConfigurationList;
			buildConfigurations = (
				E3D794262C2D797300C2F940 /* Debug */,
				E3D794272C2D797300C2F940 /* Release */,
			);
			defaultConfigurationIsVisible = 0;
			defaultConfigurationName = Release;
		};
/* End XCConfigurationList section */
	};
	rootObject = E3D7940F2C2D797100C2F940 /* Project object */;
}
